// !$*UTF8*$!
{
	archiveVersion = 1;
	classes = {
	};
	objectVersion = 50;
	objects = {

/* Begin PBXBuildFile section */
		4DDBF0EC22DCBEB300A243B8 /* AppDelegate.swift in Sources */ = {isa = PBXBuildFile; fileRef = 4DDBF0EB22DCBEB300A243B8 /* AppDelegate.swift */; };
		4DDBF0EE22DCBEB300A243B8 /* MainController.swift in Sources */ = {isa = PBXBuildFile; fileRef = 4DDBF0ED22DCBEB300A243B8 /* MainController.swift */; };
		4DDBF0F322DCBEB700A243B8 /* Assets.xcassets in Resources */ = {isa = PBXBuildFile; fileRef = 4DDBF0F222DCBEB700A243B8 /* Assets.xcassets */; };
		4DDBF0F622DCBEB700A243B8 /* LaunchScreen.storyboard in Resources */ = {isa = PBXBuildFile; fileRef = 4DDBF0F422DCBEB700A243B8 /* LaunchScreen.storyboard */; };
		4DDBF0FE22DCBF7400A243B8 /* ViewLayout+Ext.swift in Sources */ = {isa = PBXBuildFile; fileRef = 4DDBF0FD22DCBF7400A243B8 /* ViewLayout+Ext.swift */; };
		4DDBF10322DCC9DF00A243B8 /* MainView.swift in Sources */ = {isa = PBXBuildFile; fileRef = 4DDBF10222DCC9DF00A243B8 /* MainView.swift */; };
		4DDBF10522DD60B200A243B8 /* LeftMenuView.swift in Sources */ = {isa = PBXBuildFile; fileRef = 4DDBF10422DD60B200A243B8 /* LeftMenuView.swift */; };
		4DDBF10722DD62D600A243B8 /* LeftMenuHandlers+Ext.swift in Sources */ = {isa = PBXBuildFile; fileRef = 4DDBF10622DD62D600A243B8 /* LeftMenuHandlers+Ext.swift */; };
		4DDBF10922DEB0C600A243B8 /* SecondController.swift in Sources */ = {isa = PBXBuildFile; fileRef = 4DDBF10822DEB0C600A243B8 /* SecondController.swift */; };
		4DE2E5AE22DEB9FE0046DA6F /* SecondView.swift in Sources */ = {isa = PBXBuildFile; fileRef = 4DE2E5AD22DEB9FE0046DA6F /* SecondView.swift */; };
		4DE2E5B022DEBA1C0046DA6F /* RightMenuView.swift in Sources */ = {isa = PBXBuildFile; fileRef = 4DE2E5AF22DEBA1C0046DA6F /* RightMenuView.swift */; };
		4DE2E5B222DF546B0046DA6F /* RightMenuHandlers+Ext.swift in Sources */ = {isa = PBXBuildFile; fileRef = 4DE2E5B122DF546B0046DA6F /* RightMenuHandlers+Ext.swift */; };
		4DE2E5B622DF55840046DA6F /* ThirdController.swift in Sources */ = {isa = PBXBuildFile; fileRef = 4DE2E5B522DF55840046DA6F /* ThirdController.swift */; };
/* End PBXBuildFile section */

/* Begin PBXFileReference section */
		4DDBF0E822DCBEB300A243B8 /* MenuSlide.app */ = {isa = PBXFileReference; explicitFileType = wrapper.application; includeInIndex = 0; path = MenuSlide.app; sourceTree = BUILT_PRODUCTS_DIR; };
		4DDBF0EB22DCBEB300A243B8 /* AppDelegate.swift */ = {isa = PBXFileReference; lastKnownFileType = sourcecode.swift; path = AppDelegate.swift; sourceTree = "<group>"; };
		4DDBF0ED22DCBEB300A243B8 /* MainController.swift */ = {isa = PBXFileReference; lastKnownFileType = sourcecode.swift; path = MainController.swift; sourceTree = "<group>"; };
		4DDBF0F222DCBEB700A243B8 /* Assets.xcassets */ = {isa = PBXFileReference; lastKnownFileType = folder.assetcatalog; path = Assets.xcassets; sourceTree = "<group>"; };
		4DDBF0F522DCBEB700A243B8 /* Base */ = {isa = PBXFileReference; lastKnownFileType = file.storyboard; name = Base; path = Base.lproj/LaunchScreen.storyboard; sourceTree = "<group>"; };
		4DDBF0F722DCBEB700A243B8 /* Info.plist */ = {isa = PBXFileReference; lastKnownFileType = text.plist.xml; path = Info.plist; sourceTree = "<group>"; };
		4DDBF0FD22DCBF7400A243B8 /* ViewLayout+Ext.swift */ = {isa = PBXFileReference; lastKnownFileType = sourcecode.swift; path = "ViewLayout+Ext.swift"; sourceTree = "<group>"; };
		4DDBF10222DCC9DF00A243B8 /* MainView.swift */ = {isa = PBXFileReference; lastKnownFileType = sourcecode.swift; path = MainView.swift; sourceTree = "<group>"; };
		4DDBF10422DD60B200A243B8 /* LeftMenuView.swift */ = {isa = PBXFileReference; lastKnownFileType = sourcecode.swift; path = LeftMenuView.swift; sourceTree = "<group>"; };
		4DDBF10622DD62D600A243B8 /* LeftMenuHandlers+Ext.swift */ = {isa = PBXFileReference; lastKnownFileType = sourcecode.swift; path = "LeftMenuHandlers+Ext.swift"; sourceTree = "<group>"; };
		4DDBF10822DEB0C600A243B8 /* SecondController.swift */ = {isa = PBXFileReference; lastKnownFileType = sourcecode.swift; path = SecondController.swift; sourceTree = "<group>"; };
		4DE2E5AD22DEB9FE0046DA6F /* SecondView.swift */ = {isa = PBXFileReference; lastKnownFileType = sourcecode.swift; path = SecondView.swift; sourceTree = "<group>"; };
		4DE2E5AF22DEBA1C0046DA6F /* RightMenuView.swift */ = {isa = PBXFileReference; lastKnownFileType = sourcecode.swift; path = RightMenuView.swift; sourceTree = "<group>"; };
		4DE2E5B122DF546B0046DA6F /* RightMenuHandlers+Ext.swift */ = {isa = PBXFileReference; lastKnownFileType = sourcecode.swift; path = "RightMenuHandlers+Ext.swift"; sourceTree = "<group>"; };
		4DE2E5B522DF55840046DA6F /* ThirdController.swift */ = {isa = PBXFileReference; lastKnownFileType = sourcecode.swift; path = ThirdController.swift; sourceTree = "<group>"; };
/* End PBXFileReference section */

/* Begin PBXFrameworksBuildPhase section */
		4DDBF0E522DCBEB300A243B8 /* Frameworks */ = {
			isa = PBXFrameworksBuildPhase;
			buildActionMask = 2147483647;
			files = (
			);
			runOnlyForDeploymentPostprocessing = 0;
		};
/* End PBXFrameworksBuildPhase section */

/* Begin PBXGroup section */
		4DDBF0DF22DCBEB300A243B8 = {
			isa = PBXGroup;
			children = (
				4DDBF0EA22DCBEB300A243B8 /* MenuSlide */,
				4DDBF0E922DCBEB300A243B8 /* Products */,
			);
			sourceTree = "<group>";
		};
		4DDBF0E922DCBEB300A243B8 /* Products */ = {
			isa = PBXGroup;
			children = (
				4DDBF0E822DCBEB300A243B8 /* MenuSlide.app */,
			);
			name = Products;
			sourceTree = "<group>";
		};
		4DDBF0EA22DCBEB300A243B8 /* MenuSlide */ = {
			isa = PBXGroup;
			children = (
				4DDBF10122DCC95000A243B8 /* Model */,
				4DDBF10022DCC94A00A243B8 /* View */,
				4DDBF0FF22DCC94000A243B8 /* Controller */,
				4DDBF0F722DCBEB700A243B8 /* Info.plist */,
			);
			path = MenuSlide;
			sourceTree = "<group>";
		};
		4DDBF0FF22DCC94000A243B8 /* Controller */ = {
			isa = PBXGroup;
			children = (
				4DDBF0EB22DCBEB300A243B8 /* AppDelegate.swift */,
				4DE2E5B322DF54F20046DA6F /* Third */,
				4DE2E5AC22DEB9E40046DA6F /* Second */,
				4DE2E5AA22DEB9C80046DA6F /* Main */,
			);
			path = Controller;
			sourceTree = "<group>";
		};
		4DDBF10022DCC94A00A243B8 /* View */ = {
			isa = PBXGroup;
			children = (
				4DDBF0FD22DCBF7400A243B8 /* ViewLayout+Ext.swift */,
				4DE2E5B422DF54FB0046DA6F /* Third */,
				4DE2E5AB22DEB9DC0046DA6F /* Second */,
				4DDBF10B22DEB95200A243B8 /* Main */,
				4DDBF0F222DCBEB700A243B8 /* Assets.xcassets */,
				4DDBF0F422DCBEB700A243B8 /* LaunchScreen.storyboard */,
			);
			path = View;
			sourceTree = "<group>";
		};
		4DDBF10122DCC95000A243B8 /* Model */ = {
			isa = PBXGroup;
			children = (
			);
			path = Model;
			sourceTree = "<group>";
		};
		4DDBF10B22DEB95200A243B8 /* Main */ = {
			isa = PBXGroup;
			children = (
				4DDBF10222DCC9DF00A243B8 /* MainView.swift */,
				4DDBF10422DD60B200A243B8 /* LeftMenuView.swift */,
			);
			path = Main;
			sourceTree = "<group>";
		};
		4DE2E5AA22DEB9C80046DA6F /* Main */ = {
			isa = PBXGroup;
			children = (
				4DDBF0ED22DCBEB300A243B8 /* MainController.swift */,
				4DDBF10622DD62D600A243B8 /* LeftMenuHandlers+Ext.swift */,
			);
			path = Main;
			sourceTree = "<group>";
		};
		4DE2E5AB22DEB9DC0046DA6F /* Second */ = {
			isa = PBXGroup;
			children = (
				4DE2E5AD22DEB9FE0046DA6F /* SecondView.swift */,
				4DE2E5AF22DEBA1C0046DA6F /* RightMenuView.swift */,
			);
			path = Second;
			sourceTree = "<group>";
		};
		4DE2E5AC22DEB9E40046DA6F /* Second */ = {
			isa = PBXGroup;
			children = (
				4DDBF10822DEB0C600A243B8 /* SecondController.swift */,
				4DE2E5B122DF546B0046DA6F /* RightMenuHandlers+Ext.swift */,
			);
			path = Second;
			sourceTree = "<group>";
		};
		4DE2E5B322DF54F20046DA6F /* Third */ = {
			isa = PBXGroup;
			children = (
				4DE2E5B522DF55840046DA6F /* ThirdController.swift */,
			);
			path = Third;
			sourceTree = "<group>";
		};
		4DE2E5B422DF54FB0046DA6F /* Third */ = {
			isa = PBXGroup;
			children = (
			);
			path = Third;
			sourceTree = "<group>";
		};
/* End PBXGroup section */

/* Begin PBXNativeTarget section */
		4DDBF0E722DCBEB300A243B8 /* MenuSlide */ = {
			isa = PBXNativeTarget;
			buildConfigurationList = 4DDBF0FA22DCBEB700A243B8 /* Build configuration list for PBXNativeTarget "MenuSlide" */;
			buildPhases = (
				4DDBF0E422DCBEB300A243B8 /* Sources */,
				4DDBF0E522DCBEB300A243B8 /* Frameworks */,
				4DDBF0E622DCBEB300A243B8 /* Resources */,
			);
			buildRules = (
			);
			dependencies = (
			);
			name = MenuSlide;
			productName = MenuSlide;
			productReference = 4DDBF0E822DCBEB300A243B8 /* MenuSlide.app */;
			productType = "com.apple.product-type.application";
		};
/* End PBXNativeTarget section */

/* Begin PBXProject section */
		4DDBF0E022DCBEB300A243B8 /* Project object */ = {
			isa = PBXProject;
			attributes = {
				LastSwiftUpdateCheck = 1020;
				LastUpgradeCheck = 1020;
				ORGANIZATIONNAME = "Israel Manzo";
				TargetAttributes = {
					4DDBF0E722DCBEB300A243B8 = {
						CreatedOnToolsVersion = 10.2.1;
					};
				};
			};
			buildConfigurationList = 4DDBF0E322DCBEB300A243B8 /* Build configuration list for PBXProject "MenuSlide" */;
			compatibilityVersion = "Xcode 9.3";
			developmentRegion = en;
			hasScannedForEncodings = 0;
			knownRegions = (
				en,
				Base,
			);
			mainGroup = 4DDBF0DF22DCBEB300A243B8;
			productRefGroup = 4DDBF0E922DCBEB300A243B8 /* Products */;
			projectDirPath = "";
			projectRoot = "";
			targets = (
				4DDBF0E722DCBEB300A243B8 /* MenuSlide */,
			);
		};
/* End PBXProject section */

/* Begin PBXResourcesBuildPhase section */
		4DDBF0E622DCBEB300A243B8 /* Resources */ = {
			isa = PBXResourcesBuildPhase;
			buildActionMask = 2147483647;
			files = (
				4DDBF0F622DCBEB700A243B8 /* LaunchScreen.storyboard in Resources */,
				4DDBF0F322DCBEB700A243B8 /* Assets.xcassets in Resources */,
			);
			runOnlyForDeploymentPostprocessing = 0;
		};
/* End PBXResourcesBuildPhase section */

/* Begin PBXSourcesBuildPhase section */
		4DDBF0E422DCBEB300A243B8 /* Sources */ = {
			isa = PBXSourcesBuildPhase;
			buildActionMask = 2147483647;
			files = (
				4DDBF10922DEB0C600A243B8 /* SecondController.swift in Sources */,
				4DDBF0EE22DCBEB300A243B8 /* MainController.swift in Sources */,
				4DE2E5AE22DEB9FE0046DA6F /* SecondView.swift in Sources */,
				4DDBF10322DCC9DF00A243B8 /* MainView.swift in Sources */,
				4DE2E5B222DF546B0046DA6F /* RightMenuHandlers+Ext.swift in Sources */,
				4DDBF10722DD62D600A243B8 /* LeftMenuHandlers+Ext.swift in Sources */,
				4DDBF0FE22DCBF7400A243B8 /* ViewLayout+Ext.swift in Sources */,
				4DE2E5B622DF55840046DA6F /* ThirdController.swift in Sources */,
				4DDBF10522DD60B200A243B8 /* LeftMenuView.swift in Sources */,
				4DDBF0EC22DCBEB300A243B8 /* AppDelegate.swift in Sources */,
				4DE2E5B022DEBA1C0046DA6F /* RightMenuView.swift in Sources */,
			);
			runOnlyForDeploymentPostprocessing = 0;
		};
/* End PBXSourcesBuildPhase section */

/* Begin PBXVariantGroup section */
		4DDBF0F422DCBEB700A243B8 /* LaunchScreen.storyboard */ = {
			isa = PBXVariantGroup;
			children = (
				4DDBF0F522DCBEB700A243B8 /* Base */,
			);
			name = LaunchScreen.storyboard;
			sourceTree = "<group>";
		};
/* End PBXVariantGroup section */

/* Begin XCBuildConfiguration section */
		4DDBF0F822DCBEB700A243B8 /* Debug */ = {
			isa = XCBuildConfiguration;
			buildSettings = {
				ALWAYS_SEARCH_USER_PATHS = NO;
				CLANG_ANALYZER_NONNULL = YES;
				CLANG_ANALYZER_NUMBER_OBJECT_CONVERSION = YES_AGGRESSIVE;
				CLANG_CXX_LANGUAGE_STANDARD = "gnu++14";
				CLANG_CXX_LIBRARY = "libc++";
				CLANG_ENABLE_MODULES = YES;
				CLANG_ENABLE_OBJC_ARC = YES;
				CLANG_ENABLE_OBJC_WEAK = YES;
				CLANG_WARN_BLOCK_CAPTURE_AUTORELEASING = YES;
				CLANG_WARN_BOOL_CONVERSION = YES;
				CLANG_WARN_COMMA = YES;
				CLANG_WARN_CONSTANT_CONVERSION = YES;
				CLANG_WARN_DEPRECATED_OBJC_IMPLEMENTATIONS = YES;
				CLANG_WARN_DIRECT_OBJC_ISA_USAGE = YES_ERROR;
				CLANG_WARN_DOCUMENTATION_COMMENTS = YES;
				CLANG_WARN_EMPTY_BODY = YES;
				CLANG_WARN_ENUM_CONVERSION = YES;
				CLANG_WARN_INFINITE_RECURSION = YES;
				CLANG_WARN_INT_CONVERSION = YES;
				CLANG_WARN_NON_LITERAL_NULL_CONVERSION = YES;
				CLANG_WARN_OBJC_IMPLICIT_RETAIN_SELF = YES;
				CLANG_WARN_OBJC_LITERAL_CONVERSION = YES;
				CLANG_WARN_OBJC_ROOT_CLASS = YES_ERROR;
				CLANG_WARN_RANGE_LOOP_ANALYSIS = YES;
				CLANG_WARN_STRICT_PROTOTYPES = YES;
				CLANG_WARN_SUSPICIOUS_MOVE = YES;
				CLANG_WARN_UNGUARDED_AVAILABILITY = YES_AGGRESSIVE;
				CLANG_WARN_UNREACHABLE_CODE = YES;
				CLANG_WARN__DUPLICATE_METHOD_MATCH = YES;
				CODE_SIGN_IDENTITY = "iPhone Developer";
				COPY_PHASE_STRIP = NO;
				DEBUG_INFORMATION_FORMAT = dwarf;
				ENABLE_STRICT_OBJC_MSGSEND = YES;
				ENABLE_TESTABILITY = YES;
				GCC_C_LANGUAGE_STANDARD = gnu11;
				GCC_DYNAMIC_NO_PIC = NO;
				GCC_NO_COMMON_BLOCKS = YES;
				GCC_OPTIMIZATION_LEVEL = 0;
				GCC_PREPROCESSOR_DEFINITIONS = (
					"DEBUG=1",
					"$(inherited)",
				);
				GCC_WARN_64_TO_32_BIT_CONVERSION = YES;
				GCC_WARN_ABOUT_RETURN_TYPE = YES_ERROR;
				GCC_WARN_UNDECLARED_SELECTOR = YES;
				GCC_WARN_UNINITIALIZED_AUTOS = YES_AGGRESSIVE;
				GCC_WARN_UNUSED_FUNCTION = YES;
				GCC_WARN_UNUSED_VARIABLE = YES;
				IPHONEOS_DEPLOYMENT_TARGET = 12.2;
				MTL_ENABLE_DEBUG_INFO = INCLUDE_SOURCE;
				MTL_FAST_MATH = YES;
				ONLY_ACTIVE_ARCH = YES;
				SDKROOT = iphoneos;
				SWIFT_ACTIVE_COMPILATION_CONDITIONS = DEBUG;
				SWIFT_OPTIMIZATION_LEVEL = "-Onone";
			};
			name = Debug;
		};
		4DDBF0F922DCBEB700A243B8 /* Release */ = {
			isa = XCBuildConfiguration;
			buildSettings = {
				ALWAYS_SEARCH_USER_PATHS = NO;
				CLANG_ANALYZER_NONNULL = YES;
				CLANG_ANALYZER_NUMBER_OBJECT_CONVERSION = YES_AGGRESSIVE;
				CLANG_CXX_LANGUAGE_STANDARD = "gnu++14";
				CLANG_CXX_LIBRARY = "libc++";
				CLANG_ENABLE_MODULES = YES;
				CLANG_ENABLE_OBJC_ARC = YES;
				CLANG_ENABLE_OBJC_WEAK = YES;
				CLANG_WARN_BLOCK_CAPTURE_AUTORELEASING = YES;
				CLANG_WARN_BOOL_CONVERSION = YES;
				CLANG_WARN_COMMA = YES;
				CLANG_WARN_CONSTANT_CONVERSION = YES;
				CLANG_WARN_DEPRECATED_OBJC_IMPLEMENTATIONS = YES;
				CLANG_WARN_DIRECT_OBJC_ISA_USAGE = YES_ERROR;
				CLANG_WARN_DOCUMENTATION_COMMENTS = YES;
				CLANG_WARN_EMPTY_BODY = YES;
				CLANG_WARN_ENUM_CONVERSION = YES;
				CLANG_WARN_INFINITE_RECURSION = YES;
				CLANG_WARN_INT_CONVERSION = YES;
				CLANG_WARN_NON_LITERAL_NULL_CONVERSION = YES;
				CLANG_WARN_OBJC_IMPLICIT_RETAIN_SELF = YES;
				CLANG_WARN_OBJC_LITERAL_CONVERSION = YES;
				CLANG_WARN_OBJC_ROOT_CLASS = YES_ERROR;
				CLANG_WARN_RANGE_LOOP_ANALYSIS = YES;
				CLANG_WARN_STRICT_PROTOTYPES = YES;
				CLANG_WARN_SUSPICIOUS_MOVE = YES;
				CLANG_WARN_UNGUARDED_AVAILABILITY = YES_AGGRESSIVE;
				CLANG_WARN_UNREACHABLE_CODE = YES;
				CLANG_WARN__DUPLICATE_METHOD_MATCH = YES;
				CODE_SIGN_IDENTITY = "iPhone Developer";
				COPY_PHASE_STRIP = NO;
				DEBUG_INFORMATION_FORMAT = "dwarf-with-dsym";
				ENABLE_NS_ASSERTIONS = NO;
				ENABLE_STRICT_OBJC_MSGSEND = YES;
				GCC_C_LANGUAGE_STANDARD = gnu11;
				GCC_NO_COMMON_BLOCKS = YES;
				GCC_WARN_64_TO_32_BIT_CONVERSION = YES;
				GCC_WARN_ABOUT_RETURN_TYPE = YES_ERROR;
				GCC_WARN_UNDECLARED_SELECTOR = YES;
				GCC_WARN_UNINITIALIZED_AUTOS = YES_AGGRESSIVE;
				GCC_WARN_UNUSED_FUNCTION = YES;
				GCC_WARN_UNUSED_VARIABLE = YES;
				IPHONEOS_DEPLOYMENT_TARGET = 12.2;
				MTL_ENABLE_DEBUG_INFO = NO;
				MTL_FAST_MATH = YES;
				SDKROOT = iphoneos;
				SWIFT_COMPILATION_MODE = wholemodule;
				SWIFT_OPTIMIZATION_LEVEL = "-O";
				VALIDATE_PRODUCT = YES;
			};
			name = Release;
		};
		4DDBF0FB22DCBEB700A243B8 /* Debug */ = {
			isa = XCBuildConfiguration;
			buildSettings = {
				ASSETCATALOG_COMPILER_APPICON_NAME = AppIcon;
				CODE_SIGN_STYLE = Automatic;
				DEVELOPMENT_TEAM = 6DC9LP75VX;
				INFOPLIST_FILE = MenuSlide/Info.plist;
				LD_RUNPATH_SEARCH_PATHS = (
					"$(inherited)",
					"@executable_path/Frameworks",
				);
				PRODUCT_BUNDLE_IDENTIFIER = com.israelmanzo.map.MenuSlide;
				PRODUCT_NAME = "$(TARGET_NAME)";
				SWIFT_VERSION = 5.0;
				TARGETED_DEVICE_FAMILY = "1,2";
			};
			name = Debug;
		};
		4DDBF0FC22DCBEB700A243B8 /* Release */ = {
			isa = XCBuildConfiguration;
			buildSettings = {
				ASSETCATALOG_COMPILER_APPICON_NAME = AppIcon;
				CODE_SIGN_STYLE = Automatic;
				DEVELOPMENT_TEAM = 6DC9LP75VX;
				INFOPLIST_FILE = MenuSlide/Info.plist;
				LD_RUNPATH_SEARCH_PATHS = (
					"$(inherited)",
					"@executable_path/Frameworks",
				);
				PRODUCT_BUNDLE_IDENTIFIER = com.israelmanzo.map.MenuSlide;
				PRODUCT_NAME = "$(TARGET_NAME)";
				SWIFT_VERSION = 5.0;
				TARGETED_DEVICE_FAMILY = "1,2";
			};
			name = Release;
		};
/* End XCBuildConfiguration section */

/* Begin XCConfigurationList section */
		4DDBF0E322DCBEB300A243B8 /* Build configuration list for PBXProject "MenuSlide" */ = {
			isa = XCConfigurationList;
			buildConfigurations = (
				4DDBF0F822DCBEB700A243B8 /* Debug */,
				4DDBF0F922DCBEB700A243B8 /* Release */,
			);
			defaultConfigurationIsVisible = 0;
			defaultConfigurationName = Release;
		};
		4DDBF0FA22DCBEB700A243B8 /* Build configuration list for PBXNativeTarget "MenuSlide" */ = {
			isa = XCConfigurationList;
			buildConfigurations = (
				4DDBF0FB22DCBEB700A243B8 /* Debug */,
				4DDBF0FC22DCBEB700A243B8 /* Release */,
			);
			defaultConfigurationIsVisible = 0;
			defaultConfigurationName = Release;
		};
/* End XCConfigurationList section */
	};
	rootObject = 4DDBF0E022DCBEB300A243B8 /* Project object */;
}
